
Microsoft Visual Studio Solution File, Format Version 12.00
# Visual Studio Version 17
VisualStudioVersion = 17.1.32328.378
MinimumVisualStudioVersion = 10.0.40219.1
Project("{8BC9CEB8-8B4A-11D0-8D11-00A0C91BC942}") = "1과 2의 합", "1과 2의 합\1과 2의 합.vcxproj", "{7C7BF8F9-7152-4743-9FF4-0149C2CCE2DF}"
EndProject
Project("{8BC9CEB8-8B4A-11D0-8D11-00A0C91BC942}") = "1로 가즈아", "1로 가즈아\1로 가즈아.vcxproj", "{5AEA2C35-593F-4967-9D73-24562FDF3E1E}"
EndProject
Project("{8BC9CEB8-8B4A-11D0-8D11-00A0C91BC942}") = "등차수열 개수", "등차수열 개수\등차수열 개수.vcxproj", "{643D6128-AFAF-4562-AB52-9810BC92A3D1}"
EndProject
Project("{8BC9CEB8-8B4A-11D0-8D11-00A0C91BC942}") = "등차수열 중 최소 연산", "등차수열 중 최소 연산\등차수열 중 최소 연산.vcxproj", "{823C21E8-CE0D-4317-855C-91CAF09597D6}"
EndProject
Project("{8BC9CEB8-8B4A-11D0-8D11-00A0C91BC942}") = "등차수열 판별", "등차수열 판별\등차수열 판별.vcxproj", "{8BA4A7F7-E7B2-42EC-B814-5E4FE29FF31E}"
EndProject
Project("{8BC9CEB8-8B4A-11D0-8D11-00A0C91BC942}") = "2의 배수 여부 판별", "2의 배수 여부 판별\2의 배수 여부 판별.vcxproj", "{DCADB98E-5E77-4F50-A855-A1D09C2113F9}"
EndProject
Project("{8BC9CEB8-8B4A-11D0-8D11-00A0C91BC942}") = "판타지아", "판타지아\판타지아.vcxproj", "{D94CF3B4-25B7-4ABF-AE18-FB4F79A60D55}"
EndProject
Project("{8BC9CEB8-8B4A-11D0-8D11-00A0C91BC942}") = "finding palindrome2", "finding palindrome2\finding palindrome2.vcxproj", "{8CB754C3-146D-40A5-866D-CEDB4D69AF90}"
EndProject
Project("{8BC9CEB8-8B4A-11D0-8D11-00A0C91BC942}") = "how many carry operations", "how many carry operations\how many carry operations.vcxproj", "{6A998356-2273-4452-8752-E4DC1A248AAA}"
EndProject
Project("{8BC9CEB8-8B4A-11D0-8D11-00A0C91BC942}") = "backpointer lab1", "backpointer lab1\backpointer lab1.vcxproj", "{088312E6-B6E5-4E0A-9559-24BEEE8EEB53}"
EndProject
Project("{8BC9CEB8-8B4A-11D0-8D11-00A0C91BC942}") = "backpointer lab2", "backpointer lab2\backpointer lab2.vcxproj", "{9798F956-AC48-47AE-99F4-16876FED440D}"
EndProject
Project("{8BC9CEB8-8B4A-11D0-8D11-00A0C91BC942}") = "암호화 복호화 hw1", "암호화 복호화 hw1\암호화 복호화 hw1.vcxproj", "{046E10A6-F432-49C8-9242-AB308416FEC2}"
EndProject
Project("{8BC9CEB8-8B4A-11D0-8D11-00A0C91BC942}") = "단어와 숫자키 hw2", "단어와 숫자키 hw2\단어와 숫자키 hw2.vcxproj", "{D152E3EB-1B0C-411C-8B0F-E309851FFF26}"
EndProject
Project("{8BC9CEB8-8B4A-11D0-8D11-00A0C91BC942}") = "H함수", "H함수\H함수.vcxproj", "{577F3F39-DA50-4EFA-ABB4-3CB006984054}"
EndProject
Project("{8BC9CEB8-8B4A-11D0-8D11-00A0C91BC942}") = "Lab1(숫자를 이용한 암호화)", "Lab1(숫자를 이용한 암호화)\Lab1(숫자를 이용한 암호화).vcxproj", "{D149B04C-081D-4B97-B664-0218E3B1C047}"
EndProject
Project("{8BC9CEB8-8B4A-11D0-8D11-00A0C91BC942}") = "Lab2(암호화-입출력파일)", "Lab2(암호화-입출력파일)\Lab2(암호화-입출력파일).vcxproj", "{5C75A99E-3312-4602-B769-9730D26209F6}"
EndProject
Project("{8BC9CEB8-8B4A-11D0-8D11-00A0C91BC942}") = "memorization", "memorization\memorization.vcxproj", "{BD0BCC44-84C8-45F4-B665-6A36B27DD53E}"
EndProject
Project("{8BC9CEB8-8B4A-11D0-8D11-00A0C91BC942}") = "mergeSort", "mergeSort\mergeSort.vcxproj", "{3E62A431-2415-4D6D-B8E9-585BDA044768}"
EndProject
Project("{8BC9CEB8-8B4A-11D0-8D11-00A0C91BC942}") = "quickSort", "quickSort\quickSort.vcxproj", "{AE273B2E-F393-4A04-B1B1-DADB63A499B0}"
EndProject
Project("{8BC9CEB8-8B4A-11D0-8D11-00A0C91BC942}") = "몇번째 작은 수", "몇번째 작은 수\몇번째 작은 수.vcxproj", "{688055E9-E793-4DC4-9028-3A19FA60C611}"
EndProject
Project("{8BC9CEB8-8B4A-11D0-8D11-00A0C91BC942}") = "중간 max_sum", "중간 max_sum\중간 max_sum.vcxproj", "{9B7347E7-35D6-478F-95C8-8B8119CAF96F}"
EndProject
Project("{8BC9CEB8-8B4A-11D0-8D11-00A0C91BC942}") = "중간고사_추가_다음 순열 나열", "중간고사_추가_다음 순열 나열\중간고사_추가_다음 순열 나열.vcxproj", "{C0F233C4-BF79-4684-9445-C96FF3ED9994}"
EndProject
Project("{8BC9CEB8-8B4A-11D0-8D11-00A0C91BC942}") = "다음 순열 나열2", "다음 순열 나열2\다음 순열 나열2.vcxproj", "{7D1BCCE6-E413-4BB4-A9EA-0E5CFAA934DD}"
EndProject
Project("{8BC9CEB8-8B4A-11D0-8D11-00A0C91BC942}") = "다음 순열 나열3", "다음 순열 나열3\다음 순열 나열3.vcxproj", "{8C283D74-28AA-4859-AFF4-F968D3D84D49}"
EndProject
Project("{8BC9CEB8-8B4A-11D0-8D11-00A0C91BC942}") = "마이너스 carry", "마이너스 carry\마이너스 carry.vcxproj", "{DB23CE95-CB2D-4D7F-8BF7-4E2D48871628}"
EndProject
Project("{8BC9CEB8-8B4A-11D0-8D11-00A0C91BC942}") = "선택정렬의 변형", "선택정렬의 변형\선택정렬의 변형.vcxproj", "{0A61B938-E827-417F-AC9F-C8DE96E45015}"
EndProject
Project("{8BC9CEB8-8B4A-11D0-8D11-00A0C91BC942}") = "진수 변환", "진수 변환\진수 변환.vcxproj", "{80DDF1E6-A03B-4B13-BA76-B1FAB4457689}"
EndProject
Project("{8BC9CEB8-8B4A-11D0-8D11-00A0C91BC942}") = "진수 변환 plaindrome", "진수 변환 plaindrome\진수 변환 plaindrome.vcxproj", "{698685F8-7182-4B9D-BE37-06C2A7DA706B}"
EndProject
Project("{8BC9CEB8-8B4A-11D0-8D11-00A0C91BC942}") = "카드놀이", "카드놀이\카드놀이.vcxproj", "{2C6DF807-7074-4983-B84B-5CEB27F74499}"
EndProject
Project("{8BC9CEB8-8B4A-11D0-8D11-00A0C91BC942}") = "피구", "피구\피구.vcxproj", "{F3FE1CE4-2158-4981-833D-7BAC8C2F9015}"
EndProject
Project("{8BC9CEB8-8B4A-11D0-8D11-00A0C91BC942}") = "피보나치", "피보나치\피보나치.vcxproj", "{DBC78940-DFA0-4EE0-89D0-4E5FB8A34B38}"
EndProject
Global
	GlobalSection(SolutionConfigurationPlatforms) = preSolution
		Debug|x64 = Debug|x64
		Debug|x86 = Debug|x86
		Release|x64 = Release|x64
		Release|x86 = Release|x86
	EndGlobalSection
	GlobalSection(ProjectConfigurationPlatforms) = postSolution
		{7C7BF8F9-7152-4743-9FF4-0149C2CCE2DF}.Debug|x64.ActiveCfg = Debug|x64
		{7C7BF8F9-7152-4743-9FF4-0149C2CCE2DF}.Debug|x64.Build.0 = Debug|x64
		{7C7BF8F9-7152-4743-9FF4-0149C2CCE2DF}.Debug|x86.ActiveCfg = Debug|Win32
		{7C7BF8F9-7152-4743-9FF4-0149C2CCE2DF}.Debug|x86.Build.0 = Debug|Win32
		{7C7BF8F9-7152-4743-9FF4-0149C2CCE2DF}.Release|x64.ActiveCfg = Release|x64
		{7C7BF8F9-7152-4743-9FF4-0149C2CCE2DF}.Release|x64.Build.0 = Release|x64
		{7C7BF8F9-7152-4743-9FF4-0149C2CCE2DF}.Release|x86.ActiveCfg = Release|Win32
		{7C7BF8F9-7152-4743-9FF4-0149C2CCE2DF}.Release|x86.Build.0 = Release|Win32
		{5AEA2C35-593F-4967-9D73-24562FDF3E1E}.Debug|x64.ActiveCfg = Debug|x64
		{5AEA2C35-593F-4967-9D73-24562FDF3E1E}.Debug|x64.Build.0 = Debug|x64
		{5AEA2C35-593F-4967-9D73-24562FDF3E1E}.Debug|x86.ActiveCfg = Debug|Win32
		{5AEA2C35-593F-4967-9D73-24562FDF3E1E}.Debug|x86.Build.0 = Debug|Win32
		{5AEA2C35-593F-4967-9D73-24562FDF3E1E}.Release|x64.ActiveCfg = Release|x64
		{5AEA2C35-593F-4967-9D73-24562FDF3E1E}.Release|x64.Build.0 = Release|x64
		{5AEA2C35-593F-4967-9D73-24562FDF3E1E}.Release|x86.ActiveCfg = Release|Win32
		{5AEA2C35-593F-4967-9D73-24562FDF3E1E}.Release|x86.Build.0 = Release|Win32
		{643D6128-AFAF-4562-AB52-9810BC92A3D1}.Debug|x64.ActiveCfg = Debug|x64
		{643D6128-AFAF-4562-AB52-9810BC92A3D1}.Debug|x64.Build.0 = Debug|x64
		{643D6128-AFAF-4562-AB52-9810BC92A3D1}.Debug|x86.ActiveCfg = Debug|Win32
		{643D6128-AFAF-4562-AB52-9810BC92A3D1}.Debug|x86.Build.0 = Debug|Win32
		{643D6128-AFAF-4562-AB52-9810BC92A3D1}.Release|x64.ActiveCfg = Release|x64
		{643D6128-AFAF-4562-AB52-9810BC92A3D1}.Release|x64.Build.0 = Release|x64
		{643D6128-AFAF-4562-AB52-9810BC92A3D1}.Release|x86.ActiveCfg = Release|Win32
		{643D6128-AFAF-4562-AB52-9810BC92A3D1}.Release|x86.Build.0 = Release|Win32
		{823C21E8-CE0D-4317-855C-91CAF09597D6}.Debug|x64.ActiveCfg = Debug|x64
		{823C21E8-CE0D-4317-855C-91CAF09597D6}.Debug|x64.Build.0 = Debug|x64
		{823C21E8-CE0D-4317-855C-91CAF09597D6}.Debug|x86.ActiveCfg = Debug|Win32
		{823C21E8-CE0D-4317-855C-91CAF09597D6}.Debug|x86.Build.0 = Debug|Win32
		{823C21E8-CE0D-4317-855C-91CAF09597D6}.Release|x64.ActiveCfg = Release|x64
		{823C21E8-CE0D-4317-855C-91CAF09597D6}.Release|x64.Build.0 = Release|x64
		{823C21E8-CE0D-4317-855C-91CAF09597D6}.Release|x86.ActiveCfg = Release|Win32
		{823C21E8-CE0D-4317-855C-91CAF09597D6}.Release|x86.Build.0 = Release|Win32
		{8BA4A7F7-E7B2-42EC-B814-5E4FE29FF31E}.Debug|x64.ActiveCfg = Debug|x64
		{8BA4A7F7-E7B2-42EC-B814-5E4FE29FF31E}.Debug|x64.Build.0 = Debug|x64
		{8BA4A7F7-E7B2-42EC-B814-5E4FE29FF31E}.Debug|x86.ActiveCfg = Debug|Win32
		{8BA4A7F7-E7B2-42EC-B814-5E4FE29FF31E}.Debug|x86.Build.0 = Debug|Win32
		{8BA4A7F7-E7B2-42EC-B814-5E4FE29FF31E}.Release|x64.ActiveCfg = Release|x64
		{8BA4A7F7-E7B2-42EC-B814-5E4FE29FF31E}.Release|x64.Build.0 = Release|x64
		{8BA4A7F7-E7B2-42EC-B814-5E4FE29FF31E}.Release|x86.ActiveCfg = Release|Win32
		{8BA4A7F7-E7B2-42EC-B814-5E4FE29FF31E}.Release|x86.Build.0 = Release|Win32
		{DCADB98E-5E77-4F50-A855-A1D09C2113F9}.Debug|x64.ActiveCfg = Debug|x64
		{DCADB98E-5E77-4F50-A855-A1D09C2113F9}.Debug|x64.Build.0 = Debug|x64
		{DCADB98E-5E77-4F50-A855-A1D09C2113F9}.Debug|x86.ActiveCfg = Debug|Win32
		{DCADB98E-5E77-4F50-A855-A1D09C2113F9}.Debug|x86.Build.0 = Debug|Win32
		{DCADB98E-5E77-4F50-A855-A1D09C2113F9}.Release|x64.ActiveCfg = Release|x64
		{DCADB98E-5E77-4F50-A855-A1D09C2113F9}.Release|x64.Build.0 = Release|x64
		{DCADB98E-5E77-4F50-A855-A1D09C2113F9}.Release|x86.ActiveCfg = Release|Win32
		{DCADB98E-5E77-4F50-A855-A1D09C2113F9}.Release|x86.Build.0 = Release|Win32
		{D94CF3B4-25B7-4ABF-AE18-FB4F79A60D55}.Debug|x64.ActiveCfg = Debug|x64
		{D94CF3B4-25B7-4ABF-AE18-FB4F79A60D55}.Debug|x64.Build.0 = Debug|x64
		{D94CF3B4-25B7-4ABF-AE18-FB4F79A60D55}.Debug|x86.ActiveCfg = Debug|Win32
		{D94CF3B4-25B7-4ABF-AE18-FB4F79A60D55}.Debug|x86.Build.0 = Debug|Win32
		{D94CF3B4-25B7-4ABF-AE18-FB4F79A60D55}.Release|x64.ActiveCfg = Release|x64
		{D94CF3B4-25B7-4ABF-AE18-FB4F79A60D55}.Release|x64.Build.0 = Release|x64
		{D94CF3B4-25B7-4ABF-AE18-FB4F79A60D55}.Release|x86.ActiveCfg = Release|Win32
		{D94CF3B4-25B7-4ABF-AE18-FB4F79A60D55}.Release|x86.Build.0 = Release|Win32
		{8CB754C3-146D-40A5-866D-CEDB4D69AF90}.Debug|x64.ActiveCfg = Debug|x64
		{8CB754C3-146D-40A5-866D-CEDB4D69AF90}.Debug|x64.Build.0 = Debug|x64
		{8CB754C3-146D-40A5-866D-CEDB4D69AF90}.Debug|x86.ActiveCfg = Debug|Win32
		{8CB754C3-146D-40A5-866D-CEDB4D69AF90}.Debug|x86.Build.0 = Debug|Win32
		{8CB754C3-146D-40A5-866D-CEDB4D69AF90}.Release|x64.ActiveCfg = Release|x64
		{8CB754C3-146D-40A5-866D-CEDB4D69AF90}.Release|x64.Build.0 = Release|x64
		{8CB754C3-146D-40A5-866D-CEDB4D69AF90}.Release|x86.ActiveCfg = Release|Win32
		{8CB754C3-146D-40A5-866D-CEDB4D69AF90}.Release|x86.Build.0 = Release|Win32
		{6A998356-2273-4452-8752-E4DC1A248AAA}.Debug|x64.ActiveCfg = Debug|x64
		{6A998356-2273-4452-8752-E4DC1A248AAA}.Debug|x64.Build.0 = Debug|x64
		{6A998356-2273-4452-8752-E4DC1A248AAA}.Debug|x86.ActiveCfg = Debug|Win32
		{6A998356-2273-4452-8752-E4DC1A248AAA}.Debug|x86.Build.0 = Debug|Win32
		{6A998356-2273-4452-8752-E4DC1A248AAA}.Release|x64.ActiveCfg = Release|x64
		{6A998356-2273-4452-8752-E4DC1A248AAA}.Release|x64.Build.0 = Release|x64
		{6A998356-2273-4452-8752-E4DC1A248AAA}.Release|x86.ActiveCfg = Release|Win32
		{6A998356-2273-4452-8752-E4DC1A248AAA}.Release|x86.Build.0 = Release|Win32
		{088312E6-B6E5-4E0A-9559-24BEEE8EEB53}.Debug|x64.ActiveCfg = Debug|x64
		{088312E6-B6E5-4E0A-9559-24BEEE8EEB53}.Debug|x64.Build.0 = Debug|x64
		{088312E6-B6E5-4E0A-9559-24BEEE8EEB53}.Debug|x86.ActiveCfg = Debug|Win32
		{088312E6-B6E5-4E0A-9559-24BEEE8EEB53}.Debug|x86.Build.0 = Debug|Win32
		{088312E6-B6E5-4E0A-9559-24BEEE8EEB53}.Release|x64.ActiveCfg = Release|x64
		{088312E6-B6E5-4E0A-9559-24BEEE8EEB53}.Release|x64.Build.0 = Release|x64
		{088312E6-B6E5-4E0A-9559-24BEEE8EEB53}.Release|x86.ActiveCfg = Release|Win32
		{088312E6-B6E5-4E0A-9559-24BEEE8EEB53}.Release|x86.Build.0 = Release|Win32
		{9798F956-AC48-47AE-99F4-16876FED440D}.Debug|x64.ActiveCfg = Debug|x64
		{9798F956-AC48-47AE-99F4-16876FED440D}.Debug|x64.Build.0 = Debug|x64
		{9798F956-AC48-47AE-99F4-16876FED440D}.Debug|x86.ActiveCfg = Debug|Win32
		{9798F956-AC48-47AE-99F4-16876FED440D}.Debug|x86.Build.0 = Debug|Win32
		{9798F956-AC48-47AE-99F4-16876FED440D}.Release|x64.ActiveCfg = Release|x64
		{9798F956-AC48-47AE-99F4-16876FED440D}.Release|x64.Build.0 = Release|x64
		{9798F956-AC48-47AE-99F4-16876FED440D}.Release|x86.ActiveCfg = Release|Win32
		{9798F956-AC48-47AE-99F4-16876FED440D}.Release|x86.Build.0 = Release|Win32
		{046E10A6-F432-49C8-9242-AB308416FEC2}.Debug|x64.ActiveCfg = Debug|x64
		{046E10A6-F432-49C8-9242-AB308416FEC2}.Debug|x64.Build.0 = Debug|x64
		{046E10A6-F432-49C8-9242-AB308416FEC2}.Debug|x86.ActiveCfg = Debug|Win32
		{046E10A6-F432-49C8-9242-AB308416FEC2}.Debug|x86.Build.0 = Debug|Win32
		{046E10A6-F432-49C8-9242-AB308416FEC2}.Release|x64.ActiveCfg = Release|x64
		{046E10A6-F432-49C8-9242-AB308416FEC2}.Release|x64.Build.0 = Release|x64
		{046E10A6-F432-49C8-9242-AB308416FEC2}.Release|x86.ActiveCfg = Release|Win32
		{046E10A6-F432-49C8-9242-AB308416FEC2}.Release|x86.Build.0 = Release|Win32
		{D152E3EB-1B0C-411C-8B0F-E309851FFF26}.Debug|x64.ActiveCfg = Debug|x64
		{D152E3EB-1B0C-411C-8B0F-E309851FFF26}.Debug|x64.Build.0 = Debug|x64
		{D152E3EB-1B0C-411C-8B0F-E309851FFF26}.Debug|x86.ActiveCfg = Debug|Win32
		{D152E3EB-1B0C-411C-8B0F-E309851FFF26}.Debug|x86.Build.0 = Debug|Win32
		{D152E3EB-1B0C-411C-8B0F-E309851FFF26}.Release|x64.ActiveCfg = Release|x64
		{D152E3EB-1B0C-411C-8B0F-E309851FFF26}.Release|x64.Build.0 = Release|x64
		{D152E3EB-1B0C-411C-8B0F-E309851FFF26}.Release|x86.ActiveCfg = Release|Win32
		{D152E3EB-1B0C-411C-8B0F-E309851FFF26}.Release|x86.Build.0 = Release|Win32
		{577F3F39-DA50-4EFA-ABB4-3CB006984054}.Debug|x64.ActiveCfg = Debug|x64
		{577F3F39-DA50-4EFA-ABB4-3CB006984054}.Debug|x64.Build.0 = Debug|x64
		{577F3F39-DA50-4EFA-ABB4-3CB006984054}.Debug|x86.ActiveCfg = Debug|Win32
		{577F3F39-DA50-4EFA-ABB4-3CB006984054}.Debug|x86.Build.0 = Debug|Win32
		{577F3F39-DA50-4EFA-ABB4-3CB006984054}.Release|x64.ActiveCfg = Release|x64
		{577F3F39-DA50-4EFA-ABB4-3CB006984054}.Release|x64.Build.0 = Release|x64
		{577F3F39-DA50-4EFA-ABB4-3CB006984054}.Release|x86.ActiveCfg = Release|Win32
		{577F3F39-DA50-4EFA-ABB4-3CB006984054}.Release|x86.Build.0 = Release|Win32
		{D149B04C-081D-4B97-B664-0218E3B1C047}.Debug|x64.ActiveCfg = Debug|x64
		{D149B04C-081D-4B97-B664-0218E3B1C047}.Debug|x64.Build.0 = Debug|x64
		{D149B04C-081D-4B97-B664-0218E3B1C047}.Debug|x86.ActiveCfg = Debug|Win32
		{D149B04C-081D-4B97-B664-0218E3B1C047}.Debug|x86.Build.0 = Debug|Win32
		{D149B04C-081D-4B97-B664-0218E3B1C047}.Release|x64.ActiveCfg = Release|x64
		{D149B04C-081D-4B97-B664-0218E3B1C047}.Release|x64.Build.0 = Release|x64
		{D149B04C-081D-4B97-B664-0218E3B1C047}.Release|x86.ActiveCfg = Release|Win32
		{D149B04C-081D-4B97-B664-0218E3B1C047}.Release|x86.Build.0 = Release|Win32
		{5C75A99E-3312-4602-B769-9730D26209F6}.Debug|x64.ActiveCfg = Debug|x64
		{5C75A99E-3312-4602-B769-9730D26209F6}.Debug|x64.Build.0 = Debug|x64
		{5C75A99E-3312-4602-B769-9730D26209F6}.Debug|x86.ActiveCfg = Debug|Win32
		{5C75A99E-3312-4602-B769-9730D26209F6}.Debug|x86.Build.0 = Debug|Win32
		{5C75A99E-3312-4602-B769-9730D26209F6}.Release|x64.ActiveCfg = Release|x64
		{5C75A99E-3312-4602-B769-9730D26209F6}.Release|x64.Build.0 = Release|x64
		{5C75A99E-3312-4602-B769-9730D26209F6}.Release|x86.ActiveCfg = Release|Win32
		{5C75A99E-3312-4602-B769-9730D26209F6}.Release|x86.Build.0 = Release|Win32
		{BD0BCC44-84C8-45F4-B665-6A36B27DD53E}.Debug|x64.ActiveCfg = Debug|x64
		{BD0BCC44-84C8-45F4-B665-6A36B27DD53E}.Debug|x64.Build.0 = Debug|x64
		{BD0BCC44-84C8-45F4-B665-6A36B27DD53E}.Debug|x86.ActiveCfg = Debug|Win32
		{BD0BCC44-84C8-45F4-B665-6A36B27DD53E}.Debug|x86.Build.0 = Debug|Win32
		{BD0BCC44-84C8-45F4-B665-6A36B27DD53E}.Release|x64.ActiveCfg = Release|x64
		{BD0BCC44-84C8-45F4-B665-6A36B27DD53E}.Release|x64.Build.0 = Release|x64
		{BD0BCC44-84C8-45F4-B665-6A36B27DD53E}.Release|x86.ActiveCfg = Release|Win32
		{BD0BCC44-84C8-45F4-B665-6A36B27DD53E}.Release|x86.Build.0 = Release|Win32
		{3E62A431-2415-4D6D-B8E9-585BDA044768}.Debug|x64.ActiveCfg = Debug|x64
		{3E62A431-2415-4D6D-B8E9-585BDA044768}.Debug|x64.Build.0 = Debug|x64
		{3E62A431-2415-4D6D-B8E9-585BDA044768}.Debug|x86.ActiveCfg = Debug|Win32
		{3E62A431-2415-4D6D-B8E9-585BDA044768}.Debug|x86.Build.0 = Debug|Win32
		{3E62A431-2415-4D6D-B8E9-585BDA044768}.Release|x64.ActiveCfg = Release|x64
		{3E62A431-2415-4D6D-B8E9-585BDA044768}.Release|x64.Build.0 = Release|x64
		{3E62A431-2415-4D6D-B8E9-585BDA044768}.Release|x86.ActiveCfg = Release|Win32
		{3E62A431-2415-4D6D-B8E9-585BDA044768}.Release|x86.Build.0 = Release|Win32
		{AE273B2E-F393-4A04-B1B1-DADB63A499B0}.Debug|x64.ActiveCfg = Debug|x64
		{AE273B2E-F393-4A04-B1B1-DADB63A499B0}.Debug|x64.Build.0 = Debug|x64
		{AE273B2E-F393-4A04-B1B1-DADB63A499B0}.Debug|x86.ActiveCfg = Debug|Win32
		{AE273B2E-F393-4A04-B1B1-DADB63A499B0}.Debug|x86.Build.0 = Debug|Win32
		{AE273B2E-F393-4A04-B1B1-DADB63A499B0}.Release|x64.ActiveCfg = Release|x64
		{AE273B2E-F393-4A04-B1B1-DADB63A499B0}.Release|x64.Build.0 = Release|x64
		{AE273B2E-F393-4A04-B1B1-DADB63A499B0}.Release|x86.ActiveCfg = Release|Win32
		{AE273B2E-F393-4A04-B1B1-DADB63A499B0}.Release|x86.Build.0 = Release|Win32
		{688055E9-E793-4DC4-9028-3A19FA60C611}.Debug|x64.ActiveCfg = Debug|x64
		{688055E9-E793-4DC4-9028-3A19FA60C611}.Debug|x64.Build.0 = Debug|x64
		{688055E9-E793-4DC4-9028-3A19FA60C611}.Debug|x86.ActiveCfg = Debug|Win32
		{688055E9-E793-4DC4-9028-3A19FA60C611}.Debug|x86.Build.0 = Debug|Win32
		{688055E9-E793-4DC4-9028-3A19FA60C611}.Release|x64.ActiveCfg = Release|x64
		{688055E9-E793-4DC4-9028-3A19FA60C611}.Release|x64.Build.0 = Release|x64
		{688055E9-E793-4DC4-9028-3A19FA60C611}.Release|x86.ActiveCfg = Release|Win32
		{688055E9-E793-4DC4-9028-3A19FA60C611}.Release|x86.Build.0 = Release|Win32
		{9B7347E7-35D6-478F-95C8-8B8119CAF96F}.Debug|x64.ActiveCfg = Debug|x64
		{9B7347E7-35D6-478F-95C8-8B8119CAF96F}.Debug|x64.Build.0 = Debug|x64
		{9B7347E7-35D6-478F-95C8-8B8119CAF96F}.Debug|x86.ActiveCfg = Debug|Win32
		{9B7347E7-35D6-478F-95C8-8B8119CAF96F}.Debug|x86.Build.0 = Debug|Win32
		{9B7347E7-35D6-478F-95C8-8B8119CAF96F}.Release|x64.ActiveCfg = Release|x64
		{9B7347E7-35D6-478F-95C8-8B8119CAF96F}.Release|x64.Build.0 = Release|x64
		{9B7347E7-35D6-478F-95C8-8B8119CAF96F}.Release|x86.ActiveCfg = Release|Win32
		{9B7347E7-35D6-478F-95C8-8B8119CAF96F}.Release|x86.Build.0 = Release|Win32
		{C0F233C4-BF79-4684-9445-C96FF3ED9994}.Debug|x64.ActiveCfg = Debug|x64
		{C0F233C4-BF79-4684-9445-C96FF3ED9994}.Debug|x64.Build.0 = Debug|x64
		{C0F233C4-BF79-4684-9445-C96FF3ED9994}.Debug|x86.ActiveCfg = Debug|Win32
		{C0F233C4-BF79-4684-9445-C96FF3ED9994}.Debug|x86.Build.0 = Debug|Win32
		{C0F233C4-BF79-4684-9445-C96FF3ED9994}.Release|x64.ActiveCfg = Release|x64
		{C0F233C4-BF79-4684-9445-C96FF3ED9994}.Release|x64.Build.0 = Release|x64
		{C0F233C4-BF79-4684-9445-C96FF3ED9994}.Release|x86.ActiveCfg = Release|Win32
		{C0F233C4-BF79-4684-9445-C96FF3ED9994}.Release|x86.Build.0 = Release|Win32
		{7D1BCCE6-E413-4BB4-A9EA-0E5CFAA934DD}.Debug|x64.ActiveCfg = Debug|x64
		{7D1BCCE6-E413-4BB4-A9EA-0E5CFAA934DD}.Debug|x64.Build.0 = Debug|x64
		{7D1BCCE6-E413-4BB4-A9EA-0E5CFAA934DD}.Debug|x86.ActiveCfg = Debug|Win32
		{7D1BCCE6-E413-4BB4-A9EA-0E5CFAA934DD}.Debug|x86.Build.0 = Debug|Win32
		{7D1BCCE6-E413-4BB4-A9EA-0E5CFAA934DD}.Release|x64.ActiveCfg = Release|x64
		{7D1BCCE6-E413-4BB4-A9EA-0E5CFAA934DD}.Release|x64.Build.0 = Release|x64
		{7D1BCCE6-E413-4BB4-A9EA-0E5CFAA934DD}.Release|x86.ActiveCfg = Release|Win32
		{7D1BCCE6-E413-4BB4-A9EA-0E5CFAA934DD}.Release|x86.Build.0 = Release|Win32
		{8C283D74-28AA-4859-AFF4-F968D3D84D49}.Debug|x64.ActiveCfg = Debug|x64
		{8C283D74-28AA-4859-AFF4-F968D3D84D49}.Debug|x64.Build.0 = Debug|x64
		{8C283D74-28AA-4859-AFF4-F968D3D84D49}.Debug|x86.ActiveCfg = Debug|Win32
		{8C283D74-28AA-4859-AFF4-F968D3D84D49}.Debug|x86.Build.0 = Debug|Win32
		{8C283D74-28AA-4859-AFF4-F968D3D84D49}.Release|x64.ActiveCfg = Release|x64
		{8C283D74-28AA-4859-AFF4-F968D3D84D49}.Release|x64.Build.0 = Release|x64
		{8C283D74-28AA-4859-AFF4-F968D3D84D49}.Release|x86.ActiveCfg = Release|Win32
		{8C283D74-28AA-4859-AFF4-F968D3D84D49}.Release|x86.Build.0 = Release|Win32
		{DB23CE95-CB2D-4D7F-8BF7-4E2D48871628}.Debug|x64.ActiveCfg = Debug|x64
		{DB23CE95-CB2D-4D7F-8BF7-4E2D48871628}.Debug|x64.Build.0 = Debug|x64
		{DB23CE95-CB2D-4D7F-8BF7-4E2D48871628}.Debug|x86.ActiveCfg = Debug|Win32
		{DB23CE95-CB2D-4D7F-8BF7-4E2D48871628}.Debug|x86.Build.0 = Debug|Win32
		{DB23CE95-CB2D-4D7F-8BF7-4E2D48871628}.Release|x64.ActiveCfg = Release|x64
		{DB23CE95-CB2D-4D7F-8BF7-4E2D48871628}.Release|x64.Build.0 = Release|x64
		{DB23CE95-CB2D-4D7F-8BF7-4E2D48871628}.Release|x86.ActiveCfg = Release|Win32
		{DB23CE95-CB2D-4D7F-8BF7-4E2D48871628}.Release|x86.Build.0 = Release|Win32
		{0A61B938-E827-417F-AC9F-C8DE96E45015}.Debug|x64.ActiveCfg = Debug|x64
		{0A61B938-E827-417F-AC9F-C8DE96E45015}.Debug|x64.Build.0 = Debug|x64
		{0A61B938-E827-417F-AC9F-C8DE96E45015}.Debug|x86.ActiveCfg = Debug|Win32
		{0A61B938-E827-417F-AC9F-C8DE96E45015}.Debug|x86.Build.0 = Debug|Win32
		{0A61B938-E827-417F-AC9F-C8DE96E45015}.Release|x64.ActiveCfg = Release|x64
		{0A61B938-E827-417F-AC9F-C8DE96E45015}.Release|x64.Build.0 = Release|x64
		{0A61B938-E827-417F-AC9F-C8DE96E45015}.Release|x86.ActiveCfg = Release|Win32
		{0A61B938-E827-417F-AC9F-C8DE96E45015}.Release|x86.Build.0 = Release|Win32
		{80DDF1E6-A03B-4B13-BA76-B1FAB4457689}.Debug|x64.ActiveCfg = Debug|x64
		{80DDF1E6-A03B-4B13-BA76-B1FAB4457689}.Debug|x64.Build.0 = Debug|x64
		{80DDF1E6-A03B-4B13-BA76-B1FAB4457689}.Debug|x86.ActiveCfg = Debug|Win32
		{80DDF1E6-A03B-4B13-BA76-B1FAB4457689}.Debug|x86.Build.0 = Debug|Win32
		{80DDF1E6-A03B-4B13-BA76-B1FAB4457689}.Release|x64.ActiveCfg = Release|x64
		{80DDF1E6-A03B-4B13-BA76-B1FAB4457689}.Release|x64.Build.0 = Release|x64
		{80DDF1E6-A03B-4B13-BA76-B1FAB4457689}.Release|x86.ActiveCfg = Release|Win32
		{80DDF1E6-A03B-4B13-BA76-B1FAB4457689}.Release|x86.Build.0 = Release|Win32
		{698685F8-7182-4B9D-BE37-06C2A7DA706B}.Debug|x64.ActiveCfg = Debug|x64
		{698685F8-7182-4B9D-BE37-06C2A7DA706B}.Debug|x64.Build.0 = Debug|x64
		{698685F8-7182-4B9D-BE37-06C2A7DA706B}.Debug|x86.ActiveCfg = Debug|Win32
		{698685F8-7182-4B9D-BE37-06C2A7DA706B}.Debug|x86.Build.0 = Debug|Win32
		{698685F8-7182-4B9D-BE37-06C2A7DA706B}.Release|x64.ActiveCfg = Release|x64
		{698685F8-7182-4B9D-BE37-06C2A7DA706B}.Release|x64.Build.0 = Release|x64
		{698685F8-7182-4B9D-BE37-06C2A7DA706B}.Release|x86.ActiveCfg = Release|Win32
		{698685F8-7182-4B9D-BE37-06C2A7DA706B}.Release|x86.Build.0 = Release|Win32
		{2C6DF807-7074-4983-B84B-5CEB27F74499}.Debug|x64.ActiveCfg = Debug|x64
		{2C6DF807-7074-4983-B84B-5CEB27F74499}.Debug|x64.Build.0 = Debug|x64
		{2C6DF807-7074-4983-B84B-5CEB27F74499}.Debug|x86.ActiveCfg = Debug|Win32
		{2C6DF807-7074-4983-B84B-5CEB27F74499}.Debug|x86.Build.0 = Debug|Win32
		{2C6DF807-7074-4983-B84B-5CEB27F74499}.Release|x64.ActiveCfg = Release|x64
		{2C6DF807-7074-4983-B84B-5CEB27F74499}.Release|x64.Build.0 = Release|x64
		{2C6DF807-7074-4983-B84B-5CEB27F74499}.Release|x86.ActiveCfg = Release|Win32
		{2C6DF807-7074-4983-B84B-5CEB27F74499}.Release|x86.Build.0 = Release|Win32
		{F3FE1CE4-2158-4981-833D-7BAC8C2F9015}.Debug|x64.ActiveCfg = Debug|x64
		{F3FE1CE4-2158-4981-833D-7BAC8C2F9015}.Debug|x64.Build.0 = Debug|x64
		{F3FE1CE4-2158-4981-833D-7BAC8C2F9015}.Debug|x86.ActiveCfg = Debug|Win32
		{F3FE1CE4-2158-4981-833D-7BAC8C2F9015}.Debug|x86.Build.0 = Debug|Win32
		{F3FE1CE4-2158-4981-833D-7BAC8C2F9015}.Release|x64.ActiveCfg = Release|x64
		{F3FE1CE4-2158-4981-833D-7BAC8C2F9015}.Release|x64.Build.0 = Release|x64
		{F3FE1CE4-2158-4981-833D-7BAC8C2F9015}.Release|x86.ActiveCfg = Release|Win32
		{F3FE1CE4-2158-4981-833D-7BAC8C2F9015}.Release|x86.Build.0 = Release|Win32
		{DBC78940-DFA0-4EE0-89D0-4E5FB8A34B38}.Debug|x64.ActiveCfg = Debug|x64
		{DBC78940-DFA0-4EE0-89D0-4E5FB8A34B38}.Debug|x64.Build.0 = Debug|x64
		{DBC78940-DFA0-4EE0-89D0-4E5FB8A34B38}.Debug|x86.ActiveCfg = Debug|Win32
		{DBC78940-DFA0-4EE0-89D0-4E5FB8A34B38}.Debug|x86.Build.0 = Debug|Win32
		{DBC78940-DFA0-4EE0-89D0-4E5FB8A34B38}.Release|x64.ActiveCfg = Release|x64
		{DBC78940-DFA0-4EE0-89D0-4E5FB8A34B38}.Release|x64.Build.0 = Release|x64
		{DBC78940-DFA0-4EE0-89D0-4E5FB8A34B38}.Release|x86.ActiveCfg = Release|Win32
		{DBC78940-DFA0-4EE0-89D0-4E5FB8A34B38}.Release|x86.Build.0 = Release|Win32
	EndGlobalSection
	GlobalSection(SolutionProperties) = preSolution
		HideSolutionNode = FALSE
	EndGlobalSection
	GlobalSection(ExtensibilityGlobals) = postSolution
		SolutionGuid = {73D2CD42-5980-431F-83AA-542E2270B2EC}
	EndGlobalSection
EndGlobal
